// !$*UTF8*$!
{
	archiveVersion = 1;
	classes = {
	};
	objectVersion = 77;
	objects = {

/* Begin PBXBuildFile section */
		863B62292FD964320088C895 /* Assets.xcassets in Resources */ = {isa = PBXBuildFile; fileRef = 863B62262FD964320088C895 /* Assets.xcassets */; };
		863B622A2FD964320088C895 /* comp_iosApp.swift in Sources */ = {isa = PBXBuildFile; fileRef = 863B62272FD964320088C895 /* comp_iosApp.swift */; };
		863B622B2FD964320088C895 /* ContentView.swift in Sources */ = {isa = PBXBuildFile; fileRef = 863B62282FD964320088C895 /* ContentView.swift */; };
		863B62352FD96F210088C895 /* GameViewModel.swift in Sources */ = {isa = PBXBuildFile; fileRef = 863B62332FD969640088C895 /* GameViewModel.swift */; };
		863B62362FD96F210088C895 /* GameState.swift in Sources */ = {isa = PBXBuildFile; fileRef = 863B62322FD969440088C895 /* GameState.swift */; };
		863B62512FD964320088C895 /* HomeView.swift in Sources */ = {isa = PBXBuildFile; fileRef = 863B62502FD964320088C895 /* HomeView.swift */; };
		863B62532FD964320088C895 /* TapFrenzyView.swift in Sources */ = {isa = PBXBuildFile; fileRef = 863B62522FD964320088C895 /* TapFrenzyView.swift */; };
		863B62552FD964320088C895 /* LightItUpView.swift in Sources */ = {isa = PBXBuildFile; fileRef = 863B62542FD964320088C895 /* LightItUpView.swift */; };
		863B62572FD964320088C895 /* SettingsView.swift in Sources */ = {isa = PBXBuildFile; fileRef = 863B62562FD964320088C895 /* SettingsView.swift */; };
		863B62612FD964320088C895 /* QuizViewModel.swift in Sources */ = {isa = PBXBuildFile; fileRef = 863B62602FD964320088C895 /* QuizViewModel.swift */; };
		863B62632FD964320088C895 /* QuizRushView.swift in Sources */ = {isa = PBXBuildFile; fileRef = 863B62622FD964320088C895 /* QuizRushView.swift */; };
		863B62722FD967E00088C895 /* TriviaService.swift in Sources */ = {isa = PBXBuildFile; fileRef = 863B62712FD967E00088C895 /* TriviaService.swift */; };
		863B62762FD967E00088C895 /* GameSession.swift in Sources */ = {isa = PBXBuildFile; fileRef = 863B62752FD967E00088C895 /* GameSession.swift */; };
		863B62782FD967E00088C895 /* LocationService.swift in Sources */ = {isa = PBXBuildFile; fileRef = 863B62772FD967E00088C895 /* LocationService.swift */; };
		863B627A2FD967E00088C895 /* NotificationService.swift in Sources */ = {isa = PBXBuildFile; fileRef = 863B62792FD967E00088C895 /* NotificationService.swift */; };
		863B627C2FD967E00088C895 /* StatsView.swift in Sources */ = {isa = PBXBuildFile; fileRef = 863B627B2FD967E00088C895 /* StatsView.swift */; };
		863B627E2FD967E00088C895 /* GameMapView.swift in Sources */ = {isa = PBXBuildFile; fileRef = 863B627D2FD967E00088C895 /* GameMapView.swift */; };
		863B62802FD968000088C895 /* GameCatalog.swift in Sources */ = {isa = PBXBuildFile; fileRef = 863B627F2FD968000088C895 /* GameCatalog.swift */; };
		863B62822FD969000088C895 /* ArcadeTabBar.swift in Sources */ = {isa = PBXBuildFile; fileRef = 863B62812FD969000088C895 /* ArcadeTabBar.swift */; };
		863B62842FD969100088C895 /* AppFeedback.swift in Sources */ = {isa = PBXBuildFile; fileRef = 863B62832FD969100088C895 /* AppFeedback.swift */; };
		863B62862FD96A000088C895 /* LocationCoordinateBridge.m in Sources */ = {isa = PBXBuildFile; fileRef = 863B62852FD96A000088C895 /* LocationCoordinateBridge.m */; };
		863B628A2FD96B000088C895 /* ArcadeTheme.swift in Sources */ = {isa = PBXBuildFile; fileRef = 863B62892FD96B000088C895 /* ArcadeTheme.swift */; };
/* End PBXBuildFile section */

/* Begin PBXFileReference section */
		863B62262FD964320088C895 /* Assets.xcassets */ = {isa = PBXFileReference; lastKnownFileType = folder.assetcatalog; path = Assets.xcassets; sourceTree = "<group>"; };
		863B62272FD964320088C895 /* comp_iosApp.swift */ = {isa = PBXFileReference; lastKnownFileType = sourcecode.swift; path = comp_iosApp.swift; sourceTree = "<group>"; };
		863B62282FD964320088C895 /* ContentView.swift */ = {isa = PBXFileReference; lastKnownFileType = sourcecode.swift; path = ContentView.swift; sourceTree = "<group>"; };
		863B62322FD969440088C895 /* GameState.swift */ = {isa = PBXFileReference; lastKnownFileType = sourcecode.swift; path = GameState.swift; sourceTree = "<group>"; };
		863B62332FD969640088C895 /* GameViewModel.swift */ = {isa = PBXFileReference; lastKnownFileType = sourcecode.swift; path = GameViewModel.swift; sourceTree = "<group>"; };
		863B62502FD964320088C895 /* HomeView.swift */ = {isa = PBXFileReference; lastKnownFileType = sourcecode.swift; path = HomeView.swift; sourceTree = "<group>"; };
		863B62522FD964320088C895 /* TapFrenzyView.swift */ = {isa = PBXFileReference; lastKnownFileType = sourcecode.swift; path = TapFrenzyView.swift; sourceTree = "<group>"; };
		863B62542FD964320088C895 /* LightItUpView.swift */ = {isa = PBXFileReference; lastKnownFileType = sourcecode.swift; path = LightItUpView.swift; sourceTree = "<group>"; };
		863B62562FD964320088C895 /* SettingsView.swift */ = {isa = PBXFileReference; lastKnownFileType = sourcecode.swift; path = SettingsView.swift; sourceTree = "<group>"; };
		863B62602FD964320088C895 /* QuizViewModel.swift */ = {isa = PBXFileReference; lastKnownFileType = sourcecode.swift; path = QuizViewModel.swift; sourceTree = "<group>"; };
		863B62622FD964320088C895 /* QuizRushView.swift */ = {isa = PBXFileReference; lastKnownFileType = sourcecode.swift; path = QuizRushView.swift; sourceTree = "<group>"; };
		863B62712FD967E00088C895 /* TriviaService.swift */ = {isa = PBXFileReference; lastKnownFileType = sourcecode.swift; path = TriviaService.swift; sourceTree = "<group>"; };
		863B62752FD967E00088C895 /* GameSession.swift */ = {isa = PBXFileReference; lastKnownFileType = sourcecode.swift; path = GameSession.swift; sourceTree = "<group>"; };
		863B62772FD967E00088C895 /* LocationService.swift */ = {isa = PBXFileReference; lastKnownFileType = sourcecode.swift; path = LocationService.swift; sourceTree = "<group>"; };
		863B62792FD967E00088C895 /* NotificationService.swift */ = {isa = PBXFileReference; lastKnownFileType = sourcecode.swift; path = NotificationService.swift; sourceTree = "<group>"; };
		863B627B2FD967E00088C895 /* StatsView.swift */ = {isa = PBXFileReference; lastKnownFileType = sourcecode.swift; path = StatsView.swift; sourceTree = "<group>"; };
		863B627D2FD967E00088C895 /* GameMapView.swift */ = {isa = PBXFileReference; lastKnownFileType = sourcecode.swift; path = GameMapView.swift; sourceTree = "<group>"; };
		863B627F2FD968000088C895 /* GameCatalog.swift */ = {isa = PBXFileReference; lastKnownFileType = sourcecode.swift; path = GameCatalog.swift; sourceTree = "<group>"; };
		863B62812FD969000088C895 /* ArcadeTabBar.swift */ = {isa = PBXFileReference; lastKnownFileType = sourcecode.swift; path = ArcadeTabBar.swift; sourceTree = "<group>"; };
		863B62832FD969100088C895 /* AppFeedback.swift */ = {isa = PBXFileReference; lastKnownFileType = sourcecode.swift; path = AppFeedback.swift; sourceTree = "<group>"; };
		863B62852FD96A000088C895 /* LocationCoordinateBridge.m */ = {isa = PBXFileReference; lastKnownFileType = sourcecode.c.objc; path = LocationCoordinateBridge.m; sourceTree = "<group>"; };
		863B62872FD96A000088C895 /* LocationCoordinateBridge.h */ = {isa = PBXFileReference; lastKnownFileType = sourcecode.c.h; path = LocationCoordinateBridge.h; sourceTree = "<group>"; };
		863B62882FD96A000088C895 /* comp_ios-Bridging-Header.h */ = {isa = PBXFileReference; lastKnownFileType = sourcecode.c.h; path = "comp_ios-Bridging-Header.h"; sourceTree = "<group>"; };
		863B62892FD96B000088C895 /* ArcadeTheme.swift */ = {isa = PBXFileReference; lastKnownFileType = sourcecode.swift; path = ArcadeTheme.swift; sourceTree = "<group>"; };
		868946602FD95D1B005E1193 /* comp_ios.app */ = {isa = PBXFileReference; explicitFileType = wrapper.application; includeInIndex = 0; path = comp_ios.app; sourceTree = BUILT_PRODUCTS_DIR; };
/* End PBXFileReference section */

/* Begin PBXFrameworksBuildPhase section */
		8689465D2FD95D1B005E1193 /* Frameworks */ = {
			isa = PBXFrameworksBuildPhase;
			buildActionMask = 2147483647;
			files = (
			);
			runOnlyForDeploymentPostprocessing = 0;
		};
/* End PBXFrameworksBuildPhase section */

/* Begin PBXGroup section */
		863B622F2FD967E00088C895 /* ViewModels */ = {
			isa = PBXGroup;
			children = (
				863B62332FD969640088C895 /* GameViewModel.swift */,
				863B62602FD964320088C895 /* QuizViewModel.swift */,
			);
			path = ViewModels;
			sourceTree = "<group>";
		};
		863B62302FD967E90088C895 /* Models */ = {
			isa = PBXGroup;
			children = (
				863B62322FD969440088C895 /* GameState.swift */,
				863B627F2FD968000088C895 /* GameCatalog.swift */,
				863B62892FD96B000088C895 /* ArcadeTheme.swift */,
				863B62752FD967E00088C895 /* GameSession.swift */,
			);
			path = Models;
			sourceTree = "<group>";
		};
		863B62312FD968500088C895 /* Views */ = {
			isa = PBXGroup;
			children = (
				863B62282FD964320088C895 /* ContentView.swift */,
				863B62812FD969000088C895 /* ArcadeTabBar.swift */,
				863B62502FD964320088C895 /* HomeView.swift */,
				863B62562FD964320088C895 /* SettingsView.swift */,
				863B62522FD964320088C895 /* TapFrenzyView.swift */,
				863B62542FD964320088C895 /* LightItUpView.swift */,
				863B62622FD964320088C895 /* QuizRushView.swift */,
				863B627B2FD967E00088C895 /* StatsView.swift */,
				863B627D2FD967E00088C895 /* GameMapView.swift */,
			);
			path = Views;
			sourceTree = "<group>";
		};
		863B62702FD967E00088C895 /* Services */ = {
			isa = PBXGroup;
			children = (
				863B62712FD967E00088C895 /* TriviaService.swift */,
				863B62772FD967E00088C895 /* LocationService.swift */,
				863B62872FD96A000088C895 /* LocationCoordinateBridge.h */,
				863B62852FD96A000088C895 /* LocationCoordinateBridge.m */,
				863B62792FD967E00088C895 /* NotificationService.swift */,
				863B62832FD969100088C895 /* AppFeedback.swift */,
			);
			path = Services;
			sourceTree = "<group>";
		};
		868946572FD95D1B005E1193 = {
			isa = PBXGroup;
			children = (
				863B62302FD967E90088C895 /* Models */,
				863B622F2FD967E00088C895 /* ViewModels */,
				863B62702FD967E00088C895 /* Services */,
				868946612FD95D1B005E1193 /* Products */,
				863B62312FD968500088C895 /* Views */,
				863B62272FD964320088C895 /* comp_iosApp.swift */,
				863B62882FD96A000088C895 /* comp_ios-Bridging-Header.h */,
				863B62262FD964320088C895 /* Assets.xcassets */,
			);
			sourceTree = "<group>";
		};
		868946612FD95D1B005E1193 /* Products */ = {
			isa = PBXGroup;
			children = (
				868946602FD95D1B005E1193 /* comp_ios.app */,
			);
			name = Products;
			sourceTree = "<group>";
		};
/* End PBXGroup section */

/* Begin PBXNativeTarget section */
		8689465F2FD95D1B005E1193 /* comp_ios */ = {
			isa = PBXNativeTarget;
			buildConfigurationList = 8689466B2FD95D1D005E1193 /* Build configuration list for PBXNativeTarget "comp_ios" */;
			buildPhases = (
				8689465C2FD95D1B005E1193 /* Sources */,
				8689465D2FD95D1B005E1193 /* Frameworks */,
				8689465E2FD95D1B005E1193 /* Resources */,
			);
			buildRules = (
			);
			dependencies = (
			);
			name = comp_ios;
			packageProductDependencies = (
			);
			productName = comp_ios;
			productReference = 868946602FD95D1B005E1193 /* comp_ios.app */;
			productType = "com.apple.product-type.application";
		};
/* End PBXNativeTarget section */

/* Begin PBXProject section */
		868946582FD95D1B005E1193 /* Project object */ = {
			isa = PBXProject;
			attributes = {
				BuildIndependentTargetsInParallel = 1;
				LastSwiftUpdateCheck = 2650;
				LastUpgradeCheck = 2650;
				TargetAttributes = {
					8689465F2FD95D1B005E1193 = {
						CreatedOnToolsVersion = 26.5;
					};
				};
			};
			buildConfigurationList = 8689465B2FD95D1B005E1193 /* Build configuration list for PBXProject "comp_ios" */;
			developmentRegion = en;
			hasScannedForEncodings = 0;
			knownRegions = (
				en,
				Base,
			);
			mainGroup = 868946572FD95D1B005E1193;
			minimizedProjectReferenceProxies = 1;
			preferredProjectObjectVersion = 77;
			productRefGroup = 868946612FD95D1B005E1193 /* Products */;
			projectDirPath = "";
			projectRoot = "";
			targets = (
				8689465F2FD95D1B005E1193 /* comp_ios */,
			);
		};
/* End PBXProject section */

/* Begin PBXResourcesBuildPhase section */
		8689465E2FD95D1B005E1193 /* Resources */ = {
			isa = PBXResourcesBuildPhase;
			buildActionMask = 2147483647;
			files = (
				863B62292FD964320088C895 /* Assets.xcassets in Resources */,
			);
			runOnlyForDeploymentPostprocessing = 0;
		};
/* End PBXResourcesBuildPhase section */

/* Begin PBXSourcesBuildPhase section */
		8689465C2FD95D1B005E1193 /* Sources */ = {
			isa = PBXSourcesBuildPhase;
			buildActionMask = 2147483647;
			files = (
				863B62352FD96F210088C895 /* GameViewModel.swift in Sources */,
				863B622A2FD964320088C895 /* comp_iosApp.swift in Sources */,
				863B622B2FD964320088C895 /* ContentView.swift in Sources */,
				863B62512FD964320088C895 /* HomeView.swift in Sources */,
				863B62572FD964320088C895 /* SettingsView.swift in Sources */,
				863B62612FD964320088C895 /* QuizViewModel.swift in Sources */,
				863B62632FD964320088C895 /* QuizRushView.swift in Sources */,
				863B62722FD967E00088C895 /* TriviaService.swift in Sources */,
				863B62762FD967E00088C895 /* GameSession.swift in Sources */,
				863B62782FD967E00088C895 /* LocationService.swift in Sources */,
				863B627A2FD967E00088C895 /* NotificationService.swift in Sources */,
				863B627C2FD967E00088C895 /* StatsView.swift in Sources */,
				863B627E2FD967E00088C895 /* GameMapView.swift in Sources */,
				863B62532FD964320088C895 /* TapFrenzyView.swift in Sources */,
				863B62552FD964320088C895 /* LightItUpView.swift in Sources */,
				863B62362FD96F210088C895 /* GameState.swift in Sources */,
				863B62802FD968000088C895 /* GameCatalog.swift in Sources */,
				863B628A2FD96B000088C895 /* ArcadeTheme.swift in Sources */,
				863B62822FD969000088C895 /* ArcadeTabBar.swift in Sources */,
				863B62842FD969100088C895 /* AppFeedback.swift in Sources */,
				863B62862FD96A000088C895 /* LocationCoordinateBridge.m in Sources */,
			);
			runOnlyForDeploymentPostprocessing = 0;
		};
/* End PBXSourcesBuildPhase section */

/* Begin XCBuildConfiguration section */
		868946692FD95D1D005E1193 /* Debug */ = {
			isa = XCBuildConfiguration;
			buildSettings = {
				ALWAYS_SEARCH_USER_PATHS = NO;
				ASSETCATALOG_COMPILER_GENERATE_SWIFT_ASSET_SYMBOL_EXTENSIONS = YES;
				CLANG_ANALYZER_NONNULL = YES;
				CLANG_ANALYZER_NUMBER_OBJECT_CONVERSION = YES_AGGRESSIVE;
				CLANG_CXX_LANGUAGE_STANDARD = "gnu++20";
				CLANG_ENABLE_MODULES = YES;
				CLANG_ENABLE_OBJC_ARC = YES;
				CLANG_ENABLE_OBJC_WEAK = YES;
				CLANG_WARN_BLOCK_CAPTURE_AUTORELEASING = YES;
				CLANG_WARN_BOOL_CONVERSION = YES;
				CLANG_WARN_COMMA = YES;
				CLANG_WARN_CONSTANT_CONVERSION = YES;
				CLANG_WARN_DEPRECATED_OBJC_IMPLEMENTATIONS = YES;
				CLANG_WARN_DIRECT_OBJC_ISA_USAGE = YES_ERROR;
				CLANG_WARN_DOCUMENTATION_COMMENTS = YES;
				CLANG_WARN_EMPTY_BODY = YES;
				CLANG_WARN_ENUM_CONVERSION = YES;
				CLANG_WARN_INFINITE_RECURSION = YES;
				CLANG_WARN_INT_CONVERSION = YES;
				CLANG_WARN_NON_LITERAL_NULL_CONVERSION = YES;
				CLANG_WARN_OBJC_IMPLICIT_RETAIN_SELF = YES;
				CLANG_WARN_OBJC_LITERAL_CONVERSION = YES;
				CLANG_WARN_OBJC_ROOT_CLASS = YES_ERROR;
				CLANG_WARN_QUOTED_INCLUDE_IN_FRAMEWORK_HEADER = YES;
				CLANG_WARN_RANGE_LOOP_ANALYSIS = YES;
				CLANG_WARN_STRICT_PROTOTYPES = YES;
				CLANG_WARN_SUSPICIOUS_MOVE = YES;
				CLANG_WARN_UNGUARDED_AVAILABILITY = YES_AGGRESSIVE;
				CLANG_WARN_UNREACHABLE_CODE = YES;
				CLANG_WARN__DUPLICATE_METHOD_MATCH = YES;
				COPY_PHASE_STRIP = NO;
				DEBUG_INFORMATION_FORMAT = dwarf;
				ENABLE_STRICT_OBJC_MSGSEND = YES;
				ENABLE_TESTABILITY = YES;
				ENABLE_USER_SCRIPT_SANDBOXING = YES;
				GCC_C_LANGUAGE_STANDARD = gnu17;
				GCC_DYNAMIC_NO_PIC = NO;
				GCC_NO_COMMON_BLOCKS = YES;
				GCC_OPTIMIZATION_LEVEL = 0;
				GCC_PREPROCESSOR_DEFINITIONS = (
					"DEBUG=1",
					"$(inherited)",
				);
				GCC_WARN_64_TO_32_BIT_CONVERSION = YES;
				GCC_WARN_ABOUT_RETURN_TYPE = YES_ERROR;
				GCC_WARN_UNDECLARED_SELECTOR = YES;
				GCC_WARN_UNINITIALIZED_AUTOS = YES_AGGRESSIVE;
				GCC_WARN_UNUSED_FUNCTION = YES;
				GCC_WARN_UNUSED_VARIABLE = YES;
				IPHONEOS_DEPLOYMENT_TARGET = 26.5;
				LOCALIZATION_PREFERS_STRING_CATALOGS = YES;
				MTL_ENABLE_DEBUG_INFO = INCLUDE_SOURCE;
				MTL_FAST_MATH = YES;
				ONLY_ACTIVE_ARCH = YES;
				SDKROOT = iphoneos;
				SWIFT_ACTIVE_COMPILATION_CONDITIONS = "DEBUG $(inherited)";
				SWIFT_OPTIMIZATION_LEVEL = "-Onone";
			};
			name = Debug;
		};
		8689466A2FD95D1D005E1193 /* Release */ = {
			isa = XCBuildConfiguration;
			buildSettings = {
				ALWAYS_SEARCH_USER_PATHS = NO;
				ASSETCATALOG_COMPILER_GENERATE_SWIFT_ASSET_SYMBOL_EXTENSIONS = YES;
				CLANG_ANALYZER_NONNULL = YES;
				CLANG_ANALYZER_NUMBER_OBJECT_CONVERSION = YES_AGGRESSIVE;
				CLANG_CXX_LANGUAGE_STANDARD = "gnu++20";
				CLANG_ENABLE_MODULES = YES;
				CLANG_ENABLE_OBJC_ARC = YES;
				CLANG_ENABLE_OBJC_WEAK = YES;
				CLANG_WARN_BLOCK_CAPTURE_AUTORELEASING = YES;
				CLANG_WARN_BOOL_CONVERSION = YES;
				CLANG_WARN_COMMA = YES;
				CLANG_WARN_CONSTANT_CONVERSION = YES;
				CLANG_WARN_DEPRECATED_OBJC_IMPLEMENTATIONS = YES;
				CLANG_WARN_DIRECT_OBJC_ISA_USAGE = YES_ERROR;
				CLANG_WARN_DOCUMENTATION_COMMENTS = YES;
				CLANG_WARN_EMPTY_BODY = YES;
				CLANG_WARN_ENUM_CONVERSION = YES;
				CLANG_WARN_INFINITE_RECURSION = YES;
				CLANG_WARN_INT_CONVERSION = YES;
				CLANG_WARN_NON_LITERAL_NULL_CONVERSION = YES;
				CLANG_WARN_OBJC_IMPLICIT_RETAIN_SELF = YES;
				CLANG_WARN_OBJC_LITERAL_CONVERSION = YES;
				CLANG_WARN_OBJC_ROOT_CLASS = YES_ERROR;
				CLANG_WARN_QUOTED_INCLUDE_IN_FRAMEWORK_HEADER = YES;
				CLANG_WARN_RANGE_LOOP_ANALYSIS = YES;
				CLANG_WARN_STRICT_PROTOTYPES = YES;
				CLANG_WARN_SUSPICIOUS_MOVE = YES;
				CLANG_WARN_UNGUARDED_AVAILABILITY = YES_AGGRESSIVE;
				CLANG_WARN_UNREACHABLE_CODE = YES;
				CLANG_WARN__DUPLICATE_METHOD_MATCH = YES;
				COPY_PHASE_STRIP = NO;
				DEBUG_INFORMATION_FORMAT = "dwarf-with-dsym";
				ENABLE_NS_ASSERTIONS = NO;
				ENABLE_STRICT_OBJC_MSGSEND = YES;
				ENABLE_USER_SCRIPT_SANDBOXING = YES;
				GCC_C_LANGUAGE_STANDARD = gnu17;
				GCC_NO_COMMON_BLOCKS = YES;
				GCC_WARN_64_TO_32_BIT_CONVERSION = YES;
				GCC_WARN_ABOUT_RETURN_TYPE = YES_ERROR;
				GCC_WARN_UNDECLARED_SELECTOR = YES;
				GCC_WARN_UNINITIALIZED_AUTOS = YES_AGGRESSIVE;
				GCC_WARN_UNUSED_FUNCTION = YES;
				GCC_WARN_UNUSED_VARIABLE = YES;
				IPHONEOS_DEPLOYMENT_TARGET = 26.5;
				LOCALIZATION_PREFERS_STRING_CATALOGS = YES;
				MTL_ENABLE_DEBUG_INFO = NO;
				MTL_FAST_MATH = YES;
				SDKROOT = iphoneos;
				SWIFT_COMPILATION_MODE = wholemodule;
				VALIDATE_PRODUCT = YES;
			};
			name = Release;
		};
		8689466C2FD95D1D005E1193 /* Debug */ = {
			isa = XCBuildConfiguration;
			buildSettings = {
				ASSETCATALOG_COMPILER_APPICON_NAME = AppIcon;
				ASSETCATALOG_COMPILER_GLOBAL_ACCENT_COLOR_NAME = AccentColor;
				CODE_SIGN_STYLE = Automatic;
				CURRENT_PROJECT_VERSION = 1;
				ENABLE_PREVIEWS = YES;
				GENERATE_INFOPLIST_FILE = YES;
				INFOPLIST_KEY_NSLocationWhenInUseUsageDescription = "We use your location to map where you played your games and show your scores on the map.";
				INFOPLIST_KEY_UIApplicationSceneManifest_Generation = YES;
				INFOPLIST_KEY_UIApplicationSupportsIndirectInputEvents = YES;
				INFOPLIST_KEY_UILaunchScreen_Generation = YES;
				INFOPLIST_KEY_UISupportedInterfaceOrientations_iPad = "UIInterfaceOrientationPortrait UIInterfaceOrientationPortraitUpsideDown UIInterfaceOrientationLandscapeLeft UIInterfaceOrientationLandscapeRight";
				INFOPLIST_KEY_UISupportedInterfaceOrientations_iPhone = "UIInterfaceOrientationPortrait UIInterfaceOrientationLandscapeLeft UIInterfaceOrientationLandscapeRight";
				LD_RUNPATH_SEARCH_PATHS = (
					"$(inherited)",
					"@executable_path/Frameworks",
				);
				MARKETING_VERSION = 1.0;
				PRODUCT_BUNDLE_IDENTIFIER = "nibm.comp-ios";
				PRODUCT_NAME = "$(TARGET_NAME)";
				STRING_CATALOG_GENERATE_SYMBOLS = YES;
				SWIFT_APPROACHABLE_CONCURRENCY = YES;
				SWIFT_DEFAULT_ACTOR_ISOLATION = MainActor;
				SWIFT_EMIT_LOC_STRINGS = YES;
				SWIFT_OBJC_BRIDGING_HEADER = "comp_ios-Bridging-Header.h";
				SWIFT_VERSION = 5.0;
				TARGETED_DEVICE_FAMILY = "1,2";
			};
			name = Debug;
		};
		8689466D2FD95D1D005E1193 /* Release */ = {
			isa = XCBuildConfiguration;
			buildSettings = {
				ASSETCATALOG_COMPILER_APPICON_NAME = AppIcon;
				ASSETCATALOG_COMPILER_GLOBAL_ACCENT_COLOR_NAME = AccentColor;
				CODE_SIGN_STYLE = Automatic;
				CURRENT_PROJECT_VERSION = 1;
				ENABLE_PREVIEWS = YES;
				GENERATE_INFOPLIST_FILE = YES;
				INFOPLIST_KEY_NSLocationWhenInUseUsageDescription = "We use your location to map where you played your games and show your scores on the map.";
				INFOPLIST_KEY_UIApplicationSceneManifest_Generation = YES;
				INFOPLIST_KEY_UIApplicationSupportsIndirectInputEvents = YES;
				INFOPLIST_KEY_UILaunchScreen_Generation = YES;
				INFOPLIST_KEY_UISupportedInterfaceOrientations_iPad = "UIInterfaceOrientationPortrait UIInterfaceOrientationPortraitUpsideDown UIInterfaceOrientationLandscapeLeft UIInterfaceOrientationLandscapeRight";
				INFOPLIST_KEY_UISupportedInterfaceOrientations_iPhone = "UIInterfaceOrientationPortrait UIInterfaceOrientationLandscapeLeft UIInterfaceOrientationLandscapeRight";
				LD_RUNPATH_SEARCH_PATHS = (
					"$(inherited)",
					"@executable_path/Frameworks",
				);
				MARKETING_VERSION = 1.0;
				PRODUCT_BUNDLE_IDENTIFIER = "nibm.comp-ios";
				PRODUCT_NAME = "$(TARGET_NAME)";
				STRING_CATALOG_GENERATE_SYMBOLS = YES;
				SWIFT_APPROACHABLE_CONCURRENCY = YES;
				SWIFT_DEFAULT_ACTOR_ISOLATION = MainActor;
				SWIFT_EMIT_LOC_STRINGS = YES;
				SWIFT_OBJC_BRIDGING_HEADER = "comp_ios-Bridging-Header.h";
				SWIFT_VERSION = 5.0;
				TARGETED_DEVICE_FAMILY = "1,2";
			};
			name = Release;
		};
/* End XCBuildConfiguration section */

/* Begin XCConfigurationList section */
		8689465B2FD95D1B005E1193 /* Build configuration list for PBXProject "comp_ios" */ = {
			isa = XCConfigurationList;
			buildConfigurations = (
				868946692FD95D1D005E1193 /* Debug */,
				8689466A2FD95D1D005E1193 /* Release */,
			);
			defaultConfigurationIsVisible = 0;
			defaultConfigurationName = Release;
		};
		8689466B2FD95D1D005E1193 /* Build configuration list for PBXNativeTarget "comp_ios" */ = {
			isa = XCConfigurationList;
			buildConfigurations = (
				8689466C2FD95D1D005E1193 /* Debug */,
				8689466D2FD95D1D005E1193 /* Release */,
			);
			defaultConfigurationIsVisible = 0;
			defaultConfigurationName = Release;
		};
/* End XCConfigurationList section */
	};
	rootObject = 868946582FD95D1B005E1193 /* Project object */;
}
